
Microsoft Visual Studio Solution File, Format Version 12.00
# Visual Studio Version 17
VisualStudioVersion = 17.5.002.0
MinimumVisualStudioVersion = 10.0.40219.1
Project("{9A19103F-16F7-4668-BE54-9A1E7A4F7556}") = "LethalGoat", "LethalGoat/LethalGoat.csproj", "{4504327A-D20A-4745-8640-FC7B2EB362E6}"
EndProject
Global
	GlobalSection(SolutionConfigurationPlatforms) = preSolution
		Debug|Any CPU = Debug|Any CPU
		Release|Any CPU = Release|Any CPU
	EndGlobalSection
	GlobalSection(ProjectConfigurationPlatforms) = postSolution
		{4504327A-D20A-4745-8640-FC7B2EB362E6}.Debug|Any CPU.ActiveCfg = Debug|Any CPU
		{4504327A-D20A-4745-8640-FC7B2EB362E6}.Debug|Any CPU.Build.0 = Debug|Any CPU
		{4504327A-D20A-4745-8640-FC7B2EB362E6}.Release|Any CPU.ActiveCfg = Release|Any CPU
		{4504327A-D20A-4745-8640-FC7B2EB362E6}.Release|Any CPU.Build.0 = Release|Any CPU
	EndGlobalSection
	GlobalSection(SolutionProperties) = preSolution
		HideSolutionNode = FALSE
	EndGlobalSection
	GlobalSection(ExtensibilityGlobals) = postSolution
		SolutionGuid = {C4BCF104-BC69-4501-9608-AEE8B39BA42D}
	EndGlobalSection
EndGlobal
